Microsoft Visual Studio Solution File, Format Version 12.00
# Visual Studio Version 17
VisualStudioVersion = 17.5.2.0
MinimumVisualStudioVersion = 10.0.40219.1
Project("{FAE04EC0-301F-11D3-BF4B-00C04F79EFBC}") = "ShiftTrackerApi", "ShiftTrackerApi.csproj", "{4B34EB92-83DB-0F88-7959-B1B93BADCB0E}"
EndProject
Global
	GlobalSection(SolutionConfigurationPlatforms) = preSolution
		Debug|Any CPU = Debug|Any CPU
		Release|Any CPU = Release|Any CPU
	EndGlobalSection
	GlobalSection(ProjectConfigurationPlatforms) = postSolution
		{4B34EB92-83DB-0F88-7959-B1B93BADCB0E}.Debug|Any CPU.ActiveCfg = Debug|Any CPU
		{4B34EB92-83DB-0F88-7959-B1B93BADCB0E}.Debug|Any CPU.Build.0 = Debug|Any CPU
		{4B34EB92-83DB-0F88-7959-B1B93BADCB0E}.Release|Any CPU.ActiveCfg = Release|Any CPU
		{4B34EB92-83DB-0F88-7959-B1B93BADCB0E}.Release|Any CPU.Build.0 = Release|Any CPU
	EndGlobalSection
	GlobalSection(SolutionProperties) = preSolution
		HideSolutionNode = FALSE
	EndGlobalSection
	GlobalSection(ExtensibilityGlobals) = postSolution
		SolutionGuid = {AED58B6A-9381-494F-A975-BCAE47956BB4}
	EndGlobalSection
EndGlobal
